
Microsoft Visual Studio Solution File, Format Version 12.00
# Visual Studio 2012
Project("{FAE04EC0-301F-11D3-BF4B-00C04F79EFBC}") = "ProjetCsharpboost", "ProjetCsharpboost\ProjetCsharpboost.csproj", "{80F971ED-5D15-4E89-9DC9-E7B0B1BE7FD7}"
EndProject
Global
	GlobalSection(SolutionConfigurationPlatforms) = preSolution
		Debug|Any CPU = Debug|Any CPU
		Release|Any CPU = Release|Any CPU
	EndGlobalSection
	GlobalSection(ProjectConfigurationPlatforms) = postSolution
		{80F971ED-5D15-4E89-9DC9-E7B0B1BE7FD7}.Debug|Any CPU.ActiveCfg = Debug|Any CPU
		{80F971ED-5D15-4E89-9DC9-E7B0B1BE7FD7}.Debug|Any CPU.Build.0 = Debug|Any CPU
		{80F971ED-5D15-4E89-9DC9-E7B0B1BE7FD7}.Release|Any CPU.ActiveCfg = Release|Any CPU
		{80F971ED-5D15-4E89-9DC9-E7B0B1BE7FD7}.Release|Any CPU.Build.0 = Release|Any CPU
	EndGlobalSection
	GlobalSection(SolutionProperties) = preSolution
		HideSolutionNode = FALSE
	EndGlobalSection
EndGlobal
